// !$*UTF8*$!
{
	archiveVersion = 1;
	classes = {
	};
	objectVersion = 52;
	objects = {

/* Begin PBXBuildFile section */
		AA61281E242D578800768799 /* main.swift in Sources */ = {isa = PBXBuildFile; fileRef = AA61281D242D578800768799 /* main.swift */; };
		AA612825242D57B100768799 /* CubeDraftSimulation.swift in Sources */ = {isa = PBXBuildFile; fileRef = AA612824242D57B100768799 /* CubeDraftSimulation.swift */; };
		AA612828242D581E00768799 /* CSV in Frameworks */ = {isa = PBXBuildFile; productRef = AA612827242D581E00768799 /* CSV */; };
		AA7B45C6242E9E6A002D60D6 /* Cube.swift in Sources */ = {isa = PBXBuildFile; fileRef = AA7B45C5242E9E6A002D60D6 /* Cube.swift */; };
		AA7B45C8242E9EB4002D60D6 /* Card.swift in Sources */ = {isa = PBXBuildFile; fileRef = AA7B45C7242E9EB4002D60D6 /* Card.swift */; };
		AA7B45CC242FC1BA002D60D6 /* DraftSeat.swift in Sources */ = {isa = PBXBuildFile; fileRef = AA7B45CB242FC1BA002D60D6 /* DraftSeat.swift */; };
		AA7B45CE242FC8BA002D60D6 /* Pack.swift in Sources */ = {isa = PBXBuildFile; fileRef = AA7B45CD242FC8BA002D60D6 /* Pack.swift */; };
		AA7B45D9242FD605002D60D6 /* CubeDraftSimulatorPlaygroundSupport.h in Headers */ = {isa = PBXBuildFile; fileRef = AA7B45D7242FD605002D60D6 /* CubeDraftSimulatorPlaygroundSupport.h */; settings = {ATTRIBUTES = (Public, ); }; };
		AA7B45DD242FD61B002D60D6 /* CubeDraftSimulation.swift in Sources */ = {isa = PBXBuildFile; fileRef = AA612824242D57B100768799 /* CubeDraftSimulation.swift */; };
		AA7B45DE242FD61B002D60D6 /* Collections.swift in Sources */ = {isa = PBXBuildFile; fileRef = AABFF96B242E7C2D00722970 /* Collections.swift */; };
		AA7B45DF242FD61B002D60D6 /* Cube.swift in Sources */ = {isa = PBXBuildFile; fileRef = AA7B45C5242E9E6A002D60D6 /* Cube.swift */; };
		AA7B45E0242FD61B002D60D6 /* Card.swift in Sources */ = {isa = PBXBuildFile; fileRef = AA7B45C7242E9EB4002D60D6 /* Card.swift */; };
		AA7B45E1242FD61B002D60D6 /* DraftSeat.swift in Sources */ = {isa = PBXBuildFile; fileRef = AA7B45CB242FC1BA002D60D6 /* DraftSeat.swift */; };
		AA7B45E2242FD61B002D60D6 /* Pack.swift in Sources */ = {isa = PBXBuildFile; fileRef = AA7B45CD242FC8BA002D60D6 /* Pack.swift */; };
		AA7B45E5242FD63D002D60D6 /* CSV in Frameworks */ = {isa = PBXBuildFile; productRef = AA7B45E4242FD63D002D60D6 /* CSV */; };
		AABFF96C242E7C2D00722970 /* Collections.swift in Sources */ = {isa = PBXBuildFile; fileRef = AABFF96B242E7C2D00722970 /* Collections.swift */; };
/* End PBXBuildFile section */

/* Begin PBXCopyFilesBuildPhase section */
		AA612818242D578800768799 /* CopyFiles */ = {
			isa = PBXCopyFilesBuildPhase;
			buildActionMask = 2147483647;
			dstPath = /usr/share/man/man1/;
			dstSubfolderSpec = 0;
			files = (
			);
			runOnlyForDeploymentPostprocessing = 1;
		};
/* End PBXCopyFilesBuildPhase section */

/* Begin PBXFileReference section */
		AA4D881324310F660053A173 /* README.md */ = {isa = PBXFileReference; lastKnownFileType = net.daringfireball.markdown; path = README.md; sourceTree = "<group>"; };
		AA61281A242D578800768799 /* Cube Draft Simulator */ = {isa = PBXFileReference; explicitFileType = "compiled.mach-o.executable"; includeInIndex = 0; path = "Cube Draft Simulator"; sourceTree = BUILT_PRODUCTS_DIR; };
		AA61281D242D578800768799 /* main.swift */ = {isa = PBXFileReference; lastKnownFileType = sourcecode.swift; path = main.swift; sourceTree = "<group>"; };
		AA612824242D57B100768799 /* CubeDraftSimulation.swift */ = {isa = PBXFileReference; lastKnownFileType = sourcecode.swift; path = CubeDraftSimulation.swift; sourceTree = "<group>"; };
		AA7B45C5242E9E6A002D60D6 /* Cube.swift */ = {isa = PBXFileReference; lastKnownFileType = sourcecode.swift; path = Cube.swift; sourceTree = "<group>"; };
		AA7B45C7242E9EB4002D60D6 /* Card.swift */ = {isa = PBXFileReference; lastKnownFileType = sourcecode.swift; path = Card.swift; sourceTree = "<group>"; };
		AA7B45CB242FC1BA002D60D6 /* DraftSeat.swift */ = {isa = PBXFileReference; lastKnownFileType = sourcecode.swift; path = DraftSeat.swift; sourceTree = "<group>"; };
		AA7B45CD242FC8BA002D60D6 /* Pack.swift */ = {isa = PBXFileReference; lastKnownFileType = sourcecode.swift; path = Pack.swift; sourceTree = "<group>"; };
		AA7B45CF242FD4F8002D60D6 /* MyPlayground.playground */ = {isa = PBXFileReference; lastKnownFileType = file.playground; path = MyPlayground.playground; sourceTree = "<group>"; xcLanguageSpecificationIdentifier = xcode.lang.swift; };
		AA7B45D5242FD605002D60D6 /* CubeDraftSimulatorPlaygroundSupport.framework */ = {isa = PBXFileReference; explicitFileType = wrapper.framework; includeInIndex = 0; path = CubeDraftSimulatorPlaygroundSupport.framework; sourceTree = BUILT_PRODUCTS_DIR; };
		AA7B45D7242FD605002D60D6 /* CubeDraftSimulatorPlaygroundSupport.h */ = {isa = PBXFileReference; lastKnownFileType = sourcecode.c.h; path = CubeDraftSimulatorPlaygroundSupport.h; sourceTree = "<group>"; };
		AA7B45D8242FD605002D60D6 /* Info.plist */ = {isa = PBXFileReference; lastKnownFileType = text.plist.xml; path = Info.plist; sourceTree = "<group>"; };
		AABFF96B242E7C2D00722970 /* Collections.swift */ = {isa = PBXFileReference; lastKnownFileType = sourcecode.swift; path = Collections.swift; sourceTree = "<group>"; };
/* End PBXFileReference section */

/* Begin PBXFrameworksBuildPhase section */
		AA612817242D578800768799 /* Frameworks */ = {
			isa = PBXFrameworksBuildPhase;
			buildActionMask = 2147483647;
			files = (
				AA612828242D581E00768799 /* CSV in Frameworks */,
			);
			runOnlyForDeploymentPostprocessing = 0;
		};
		AA7B45D2242FD605002D60D6 /* Frameworks */ = {
			isa = PBXFrameworksBuildPhase;
			buildActionMask = 2147483647;
			files = (
				AA7B45E5242FD63D002D60D6 /* CSV in Frameworks */,
			);
			runOnlyForDeploymentPostprocessing = 0;
		};
/* End PBXFrameworksBuildPhase section */

/* Begin PBXGroup section */
		AA612811242D578800768799 = {
			isa = PBXGroup;
			children = (
				AA4D881324310F660053A173 /* README.md */,
				AA7B45CF242FD4F8002D60D6 /* MyPlayground.playground */,
				AA61281C242D578800768799 /* Cube Draft Simulator */,
				AA7B45D6242FD605002D60D6 /* CubeDraftSimulatorPlaygroundSupport */,
				AA61281B242D578800768799 /* Products */,
				AA7B45E3242FD63D002D60D6 /* Frameworks */,
			);
			sourceTree = "<group>";
		};
		AA61281B242D578800768799 /* Products */ = {
			isa = PBXGroup;
			children = (
				AA61281A242D578800768799 /* Cube Draft Simulator */,
				AA7B45D5242FD605002D60D6 /* CubeDraftSimulatorPlaygroundSupport.framework */,
			);
			name = Products;
			sourceTree = "<group>";
		};
		AA61281C242D578800768799 /* Cube Draft Simulator */ = {
			isa = PBXGroup;
			children = (
				AA61281D242D578800768799 /* main.swift */,
				AA612824242D57B100768799 /* CubeDraftSimulation.swift */,
				AA7B45C5242E9E6A002D60D6 /* Cube.swift */,
				AA7B45C7242E9EB4002D60D6 /* Card.swift */,
				AA7B45CB242FC1BA002D60D6 /* DraftSeat.swift */,
				AA7B45CD242FC8BA002D60D6 /* Pack.swift */,
				AABFF96B242E7C2D00722970 /* Collections.swift */,
			);
			path = "Cube Draft Simulator";
			sourceTree = "<group>";
		};
		AA7B45D6242FD605002D60D6 /* CubeDraftSimulatorPlaygroundSupport */ = {
			isa = PBXGroup;
			children = (
				AA7B45D7242FD605002D60D6 /* CubeDraftSimulatorPlaygroundSupport.h */,
				AA7B45D8242FD605002D60D6 /* Info.plist */,
			);
			path = CubeDraftSimulatorPlaygroundSupport;
			sourceTree = "<group>";
		};
		AA7B45E3242FD63D002D60D6 /* Frameworks */ = {
			isa = PBXGroup;
			children = (
			);
			name = Frameworks;
			sourceTree = "<group>";
		};
/* End PBXGroup section */

/* Begin PBXHeadersBuildPhase section */
		AA7B45D0242FD605002D60D6 /* Headers */ = {
			isa = PBXHeadersBuildPhase;
			buildActionMask = 2147483647;
			files = (
				AA7B45D9242FD605002D60D6 /* CubeDraftSimulatorPlaygroundSupport.h in Headers */,
			);
			runOnlyForDeploymentPostprocessing = 0;
		};
/* End PBXHeadersBuildPhase section */

/* Begin PBXNativeTarget section */
		AA612819242D578800768799 /* Cube Draft Simulator */ = {
			isa = PBXNativeTarget;
			buildConfigurationList = AA612821242D578800768799 /* Build configuration list for PBXNativeTarget "Cube Draft Simulator" */;
			buildPhases = (
				AA612816242D578800768799 /* Sources */,
				AA612817242D578800768799 /* Frameworks */,
				AA612818242D578800768799 /* CopyFiles */,
			);
			buildRules = (
			);
			dependencies = (
			);
			name = "Cube Draft Simulator";
			packageProductDependencies = (
				AA612827242D581E00768799 /* CSV */,
			);
			productName = "Cube Draft Simulator";
			productReference = AA61281A242D578800768799 /* Cube Draft Simulator */;
			productType = "com.apple.product-type.tool";
		};
		AA7B45D4242FD605002D60D6 /* CubeDraftSimulatorPlaygroundSupport */ = {
			isa = PBXNativeTarget;
			buildConfigurationList = AA7B45DA242FD605002D60D6 /* Build configuration list for PBXNativeTarget "CubeDraftSimulatorPlaygroundSupport" */;
			buildPhases = (
				AA7B45D0242FD605002D60D6 /* Headers */,
				AA7B45D1242FD605002D60D6 /* Sources */,
				AA7B45D2242FD605002D60D6 /* Frameworks */,
				AA7B45D3242FD605002D60D6 /* Resources */,
			);
			buildRules = (
			);
			dependencies = (
			);
			name = CubeDraftSimulatorPlaygroundSupport;
			packageProductDependencies = (
				AA7B45E4242FD63D002D60D6 /* CSV */,
			);
			productName = CubeDraftSimulatorPlaygroundSupport;
			productReference = AA7B45D5242FD605002D60D6 /* CubeDraftSimulatorPlaygroundSupport.framework */;
			productType = "com.apple.product-type.framework";
		};
/* End PBXNativeTarget section */

/* Begin PBXProject section */
		AA612812242D578800768799 /* Project object */ = {
			isa = PBXProject;
			attributes = {
				LastSwiftUpdateCheck = 1130;
				LastUpgradeCheck = 1130;
				ORGANIZATIONNAME = "Anthony Mattox";
				TargetAttributes = {
					AA612819242D578800768799 = {
						CreatedOnToolsVersion = 11.3.1;
					};
					AA7B45D4242FD605002D60D6 = {
						CreatedOnToolsVersion = 11.3.1;
					};
				};
			};
			buildConfigurationList = AA612815242D578800768799 /* Build configuration list for PBXProject "Cube Draft Simulator" */;
			compatibilityVersion = "Xcode 9.3";
			developmentRegion = en;
			hasScannedForEncodings = 0;
			knownRegions = (
				en,
				Base,
			);
			mainGroup = AA612811242D578800768799;
			packageReferences = (
				AA612826242D581E00768799 /* XCRemoteSwiftPackageReference "CSV.swift" */,
			);
			productRefGroup = AA61281B242D578800768799 /* Products */;
			projectDirPath = "";
			projectRoot = "";
			targets = (
				AA612819242D578800768799 /* Cube Draft Simulator */,
				AA7B45D4242FD605002D60D6 /* CubeDraftSimulatorPlaygroundSupport */,
			);
		};
/* End PBXProject section */

/* Begin PBXResourcesBuildPhase section */
		AA7B45D3242FD605002D60D6 /* Resources */ = {
			isa = PBXResourcesBuildPhase;
			buildActionMask = 2147483647;
			files = (
			);
			runOnlyForDeploymentPostprocessing = 0;
		};
/* End PBXResourcesBuildPhase section */

/* Begin PBXSourcesBuildPhase section */
		AA612816242D578800768799 /* Sources */ = {
			isa = PBXSourcesBuildPhase;
			buildActionMask = 2147483647;
			files = (
				AA61281E242D578800768799 /* main.swift in Sources */,
				AA7B45C8242E9EB4002D60D6 /* Card.swift in Sources */,
				AA7B45CC242FC1BA002D60D6 /* DraftSeat.swift in Sources */,
				AA7B45C6242E9E6A002D60D6 /* Cube.swift in Sources */,
				AA7B45CE242FC8BA002D60D6 /* Pack.swift in Sources */,
				AA612825242D57B100768799 /* CubeDraftSimulation.swift in Sources */,
				AABFF96C242E7C2D00722970 /* Collections.swift in Sources */,
			);
			runOnlyForDeploymentPostprocessing = 0;
		};
		AA7B45D1242FD605002D60D6 /* Sources */ = {
			isa = PBXSourcesBuildPhase;
			buildActionMask = 2147483647;
			files = (
				AA7B45DD242FD61B002D60D6 /* CubeDraftSimulation.swift in Sources */,
				AA7B45DE242FD61B002D60D6 /* Collections.swift in Sources */,
				AA7B45E2242FD61B002D60D6 /* Pack.swift in Sources */,
				AA7B45DF242FD61B002D60D6 /* Cube.swift in Sources */,
				AA7B45E0242FD61B002D60D6 /* Card.swift in Sources */,
				AA7B45E1242FD61B002D60D6 /* DraftSeat.swift in Sources */,
			);
			runOnlyForDeploymentPostprocessing = 0;
		};
/* End PBXSourcesBuildPhase section */

/* Begin XCBuildConfiguration section */
		AA61281F242D578800768799 /* Debug */ = {
			isa = XCBuildConfiguration;
			buildSettings = {
				ALWAYS_SEARCH_USER_PATHS = NO;
				CLANG_ANALYZER_NONNULL = YES;
				CLANG_ANALYZER_NUMBER_OBJECT_CONVERSION = YES_AGGRESSIVE;
				CLANG_CXX_LANGUAGE_STANDARD = "gnu++14";
				CLANG_CXX_LIBRARY = "libc++";
				CLANG_ENABLE_MODULES = YES;
				CLANG_ENABLE_OBJC_ARC = YES;
				CLANG_ENABLE_OBJC_WEAK = YES;
				CLANG_WARN_BLOCK_CAPTURE_AUTORELEASING = YES;
				CLANG_WARN_BOOL_CONVERSION = YES;
				CLANG_WARN_COMMA = YES;
				CLANG_WARN_CONSTANT_CONVERSION = YES;
				CLANG_WARN_DEPRECATED_OBJC_IMPLEMENTATIONS = YES;
				CLANG_WARN_DIRECT_OBJC_ISA_USAGE = YES_ERROR;
				CLANG_WARN_DOCUMENTATION_COMMENTS = YES;
				CLANG_WARN_EMPTY_BODY = YES;
				CLANG_WARN_ENUM_CONVERSION = YES;
				CLANG_WARN_INFINITE_RECURSION = YES;
				CLANG_WARN_INT_CONVERSION = YES;
				CLANG_WARN_NON_LITERAL_NULL_CONVERSION = YES;
				CLANG_WARN_OBJC_IMPLICIT_RETAIN_SELF = YES;
				CLANG_WARN_OBJC_LITERAL_CONVERSION = YES;
				CLANG_WARN_OBJC_ROOT_CLASS = YES_ERROR;
				CLANG_WARN_RANGE_LOOP_ANALYSIS = YES;
				CLANG_WARN_STRICT_PROTOTYPES = YES;
				CLANG_WARN_SUSPICIOUS_MOVE = YES;
				CLANG_WARN_UNGUARDED_AVAILABILITY = YES_AGGRESSIVE;
				CLANG_WARN_UNREACHABLE_CODE = YES;
				CLANG_WARN__DUPLICATE_METHOD_MATCH = YES;
				COPY_PHASE_STRIP = NO;
				DEBUG_INFORMATION_FORMAT = dwarf;
				ENABLE_STRICT_OBJC_MSGSEND = YES;
				ENABLE_TESTABILITY = YES;
				GCC_C_LANGUAGE_STANDARD = gnu11;
				GCC_DYNAMIC_NO_PIC = NO;
				GCC_NO_COMMON_BLOCKS = YES;
				GCC_OPTIMIZATION_LEVEL = 0;
				GCC_PREPROCESSOR_DEFINITIONS = (
					"DEBUG=1",
					"$(inherited)",
				);
				GCC_WARN_64_TO_32_BIT_CONVERSION = YES;
				GCC_WARN_ABOUT_RETURN_TYPE = YES_ERROR;
				GCC_WARN_UNDECLARED_SELECTOR = YES;
				GCC_WARN_UNINITIALIZED_AUTOS = YES_AGGRESSIVE;
				GCC_WARN_UNUSED_FUNCTION = YES;
				GCC_WARN_UNUSED_VARIABLE = YES;
				MACOSX_DEPLOYMENT_TARGET = 10.15;
				MTL_ENABLE_DEBUG_INFO = INCLUDE_SOURCE;
				MTL_FAST_MATH = YES;
				ONLY_ACTIVE_ARCH = YES;
				SDKROOT = macosx;
				SWIFT_ACTIVE_COMPILATION_CONDITIONS = DEBUG;
				SWIFT_OPTIMIZATION_LEVEL = "-Onone";
			};
			name = Debug;
		};
		AA612820242D578800768799 /* Release */ = {
			isa = XCBuildConfiguration;
			buildSettings = {
				ALWAYS_SEARCH_USER_PATHS = NO;
				CLANG_ANALYZER_NONNULL = YES;
				CLANG_ANALYZER_NUMBER_OBJECT_CONVERSION = YES_AGGRESSIVE;
				CLANG_CXX_LANGUAGE_STANDARD = "gnu++14";
				CLANG_CXX_LIBRARY = "libc++";
				CLANG_ENABLE_MODULES = YES;
				CLANG_ENABLE_OBJC_ARC = YES;
				CLANG_ENABLE_OBJC_WEAK = YES;
				CLANG_WARN_BLOCK_CAPTURE_AUTORELEASING = YES;
				CLANG_WARN_BOOL_CONVERSION = YES;
				CLANG_WARN_COMMA = YES;
				CLANG_WARN_CONSTANT_CONVERSION = YES;
				CLANG_WARN_DEPRECATED_OBJC_IMPLEMENTATIONS = YES;
				CLANG_WARN_DIRECT_OBJC_ISA_USAGE = YES_ERROR;
				CLANG_WARN_DOCUMENTATION_COMMENTS = YES;
				CLANG_WARN_EMPTY_BODY = YES;
				CLANG_WARN_ENUM_CONVERSION = YES;
				CLANG_WARN_INFINITE_RECURSION = YES;
				CLANG_WARN_INT_CONVERSION = YES;
				CLANG_WARN_NON_LITERAL_NULL_CONVERSION = YES;
				CLANG_WARN_OBJC_IMPLICIT_RETAIN_SELF = YES;
				CLANG_WARN_OBJC_LITERAL_CONVERSION = YES;
				CLANG_WARN_OBJC_ROOT_CLASS = YES_ERROR;
				CLANG_WARN_RANGE_LOOP_ANALYSIS = YES;
				CLANG_WARN_STRICT_PROTOTYPES = YES;
				CLANG_WARN_SUSPICIOUS_MOVE = YES;
				CLANG_WARN_UNGUARDED_AVAILABILITY = YES_AGGRESSIVE;
				CLANG_WARN_UNREACHABLE_CODE = YES;
				CLANG_WARN__DUPLICATE_METHOD_MATCH = YES;
				COPY_PHASE_STRIP = NO;
				DEBUG_INFORMATION_FORMAT = "dwarf-with-dsym";
				ENABLE_NS_ASSERTIONS = NO;
				ENABLE_STRICT_OBJC_MSGSEND = YES;
				GCC_C_LANGUAGE_STANDARD = gnu11;
				GCC_NO_COMMON_BLOCKS = YES;
				GCC_WARN_64_TO_32_BIT_CONVERSION = YES;
				GCC_WARN_ABOUT_RETURN_TYPE = YES_ERROR;
				GCC_WARN_UNDECLARED_SELECTOR = YES;
				GCC_WARN_UNINITIALIZED_AUTOS = YES_AGGRESSIVE;
				GCC_WARN_UNUSED_FUNCTION = YES;
				GCC_WARN_UNUSED_VARIABLE = YES;
				MACOSX_DEPLOYMENT_TARGET = 10.15;
				MTL_ENABLE_DEBUG_INFO = NO;
				MTL_FAST_MATH = YES;
				SDKROOT = macosx;
				SWIFT_COMPILATION_MODE = wholemodule;
				SWIFT_OPTIMIZATION_LEVEL = "-O";
			};
			name = Release;
		};
		AA612822242D578800768799 /* Debug */ = {
			isa = XCBuildConfiguration;
			buildSettings = {
				CODE_SIGN_STYLE = Automatic;
				DEVELOPMENT_TEAM = QVQE688T4Y;
				ENABLE_HARDENED_RUNTIME = YES;
				PRODUCT_NAME = "$(TARGET_NAME)";
				SWIFT_VERSION = 5.0;
			};
			name = Debug;
		};
		AA612823242D578800768799 /* Release */ = {
			isa = XCBuildConfiguration;
			buildSettings = {
				CODE_SIGN_STYLE = Automatic;
				DEVELOPMENT_TEAM = QVQE688T4Y;
				ENABLE_HARDENED_RUNTIME = YES;
				PRODUCT_NAME = "$(TARGET_NAME)";
				SWIFT_VERSION = 5.0;
			};
			name = Release;
		};
		AA7B45DB242FD605002D60D6 /* Debug */ = {
			isa = XCBuildConfiguration;
			buildSettings = {
				CODE_SIGN_STYLE = Automatic;
				COMBINE_HIDPI_IMAGES = YES;
				CURRENT_PROJECT_VERSION = 1;
				DEFINES_MODULE = YES;
				DEVELOPMENT_TEAM = QVQE688T4Y;
				DYLIB_COMPATIBILITY_VERSION = 1;
				DYLIB_CURRENT_VERSION = 1;
				DYLIB_INSTALL_NAME_BASE = "@rpath";
				INFOPLIST_FILE = CubeDraftSimulatorPlaygroundSupport/Info.plist;
				INSTALL_PATH = "$(LOCAL_LIBRARY_DIR)/Frameworks";
				LD_RUNPATH_SEARCH_PATHS = (
					"$(inherited)",
					"@executable_path/../Frameworks",
					"@loader_path/Frameworks",
				);
				MODULE_NAME = "";
				PRODUCT_BUNDLE_IDENTIFIER = com.anthonymattox.CubeDraftSimulatorPlaygroundSupport;
				PRODUCT_NAME = "$(TARGET_NAME:c99extidentifier)";
				SKIP_INSTALL = YES;
				SWIFT_VERSION = 5.0;
				VERSIONING_SYSTEM = "apple-generic";
				VERSION_INFO_PREFIX = "";
			};
			name = Debug;
		};
		AA7B45DC242FD605002D60D6 /* Release */ = {
			isa = XCBuildConfiguration;
			buildSettings = {
				CODE_SIGN_STYLE = Automatic;
				COMBINE_HIDPI_IMAGES = YES;
				CURRENT_PROJECT_VERSION = 1;
				DEFINES_MODULE = YES;
				DEVELOPMENT_TEAM = QVQE688T4Y;
				DYLIB_COMPATIBILITY_VERSION = 1;
				DYLIB_CURRENT_VERSION = 1;
				DYLIB_INSTALL_NAME_BASE = "@rpath";
				INFOPLIST_FILE = CubeDraftSimulatorPlaygroundSupport/Info.plist;
				INSTALL_PATH = "$(LOCAL_LIBRARY_DIR)/Frameworks";
				LD_RUNPATH_SEARCH_PATHS = (
					"$(inherited)",
					"@executable_path/../Frameworks",
					"@loader_path/Frameworks",
				);
				MODULE_NAME = "";
				PRODUCT_BUNDLE_IDENTIFIER = com.anthonymattox.CubeDraftSimulatorPlaygroundSupport;
				PRODUCT_NAME = "$(TARGET_NAME:c99extidentifier)";
				SKIP_INSTALL = YES;
				SWIFT_VERSION = 5.0;
				VERSIONING_SYSTEM = "apple-generic";
				VERSION_INFO_PREFIX = "";
			};
			name = Release;
		};
/* End XCBuildConfiguration section */

/* Begin XCConfigurationList section */
		AA612815242D578800768799 /* Build configuration list for PBXProject "Cube Draft Simulator" */ = {
			isa = XCConfigurationList;
			buildConfigurations = (
				AA61281F242D578800768799 /* Debug */,
				AA612820242D578800768799 /* Release */,
			);
			defaultConfigurationIsVisible = 0;
			defaultConfigurationName = Release;
		};
		AA612821242D578800768799 /* Build configuration list for PBXNativeTarget "Cube Draft Simulator" */ = {
			isa = XCConfigurationList;
			buildConfigurations = (
				AA612822242D578800768799 /* Debug */,
				AA612823242D578800768799 /* Release */,
			);
			defaultConfigurationIsVisible = 0;
			defaultConfigurationName = Release;
		};
		AA7B45DA242FD605002D60D6 /* Build configuration list for PBXNativeTarget "CubeDraftSimulatorPlaygroundSupport" */ = {
			isa = XCConfigurationList;
			buildConfigurations = (
				AA7B45DB242FD605002D60D6 /* Debug */,
				AA7B45DC242FD605002D60D6 /* Release */,
			);
			defaultConfigurationIsVisible = 0;
			defaultConfigurationName = Release;
		};
/* End XCConfigurationList section */

/* Begin XCRemoteSwiftPackageReference section */
		AA612826242D581E00768799 /* XCRemoteSwiftPackageReference "CSV.swift" */ = {
			isa = XCRemoteSwiftPackageReference;
			repositoryURL = "https://github.com/yaslab/CSV.swift.git";
			requirement = {
				kind = upToNextMajorVersion;
				minimumVersion = 2.4.3;
			};
		};
/* End XCRemoteSwiftPackageReference section */

/* Begin XCSwiftPackageProductDependency section */
		AA612827242D581E00768799 /* CSV */ = {
			isa = XCSwiftPackageProductDependency;
			package = AA612826242D581E00768799 /* XCRemoteSwiftPackageReference "CSV.swift" */;
			productName = CSV;
		};
		AA7B45E4242FD63D002D60D6 /* CSV */ = {
			isa = XCSwiftPackageProductDependency;
			package = AA612826242D581E00768799 /* XCRemoteSwiftPackageReference "CSV.swift" */;
			productName = CSV;
		};
/* End XCSwiftPackageProductDependency section */
	};
	rootObject = AA612812242D578800768799 /* Project object */;
}
